{
  "nodes": {
    "nixpkgs": {
      "locked": {
        "lastModified": 1774544019,
        "narHash": "sha256-EXtE8AC7ENwlgfv+mIo9zoOkZX1SQIyN1Gr2Y+yj5cs=",
        "owner": "nixos",
        "repo": "nixpkgs",
        "rev": "3cd5fb53194845e7ebf79a753a12db66847de78d",
        "type": "github"
      },
      "original": {
        "owner": "nixos",
        "ref": "release-25.11",
        "repo": "nixpkgs",
        "type": "github"
      }
    },
    "root": {
      "inputs": {
        "nixpkgs": "nixpkgs"
      }
    }
  },
  "root": "root",
  "version": 7
}
